
Microsoft Visual Studio Solution File, Format Version 12.00
# Visual Studio Version 16
VisualStudioVersion = 16.0.30011.22
MinimumVisualStudioVersion = 10.0.40219.1
Project("{FAE04EC0-301F-11D3-BF4B-00C04F79EFBC}") = "PR5", "PR5.csproj", "{850B6BFA-0F4D-4679-92E0-FEBC609AD561}"
EndProject
Global
	GlobalSection(SolutionConfigurationPlatforms) = preSolution
		Debug|Any CPU = Debug|Any CPU
		Release|Any CPU = Release|Any CPU
	EndGlobalSection
	GlobalSection(ProjectConfigurationPlatforms) = postSolution
		{850B6BFA-0F4D-4679-92E0-FEBC609AD561}.Debug|Any CPU.ActiveCfg = Debug|Any CPU
		{850B6BFA-0F4D-4679-92E0-FEBC609AD561}.Debug|Any CPU.Build.0 = Debug|Any CPU
		{850B6BFA-0F4D-4679-92E0-FEBC609AD561}.Release|Any CPU.ActiveCfg = Release|Any CPU
		{850B6BFA-0F4D-4679-92E0-FEBC609AD561}.Release|Any CPU.Build.0 = Release|Any CPU
	EndGlobalSection
	GlobalSection(SolutionProperties) = preSolution
		HideSolutionNode = FALSE
	EndGlobalSection
	GlobalSection(ExtensibilityGlobals) = postSolution
		SolutionGuid = {2110F0F5-7E55-44D5-99BB-FC771EBA9E8E}
	EndGlobalSection
EndGlobal
